schema: '2.0'
stages:
  process raw diabetes data:
    cmd: poetry run python diabetes_classifier/data/process_data.py
    deps:
    - path: data/raw/diabetes.csv
      hash: md5
      md5: 8f90e44047182c5f32d10f0c4dd4890f
      size: 22738154
    - path: diabetes_classifier/data/process_data.py
      hash: md5
      md5: ff63c4fce06961b387c071d5dd6728d1
      size: 562
    outs:
    - path: data/processed/diabetes.csv
      hash: md5
      md5: 14ba73e3c24e0e8540e50c893781d405
      size: 11576227
